
Microsoft Visual Studio Solution File, Format Version 12.00
# Visual Studio Version 17
VisualStudioVersion = 17.13.35806.99 d17.13
MinimumVisualStudioVersion = 10.0.40219.1
Project("{FAE04EC0-301F-11D3-BF4B-00C04F79EFBC}") = "FIH_WMS_System", "FIH_WMS_System\FIH_WMS_System.csproj", "{09DF33E9-F4A8-4440-9252-44899B495E61}"
EndProject
Global
	GlobalSection(SolutionConfigurationPlatforms) = preSolution
		Debug|Any CPU = Debug|Any CPU
		Release|Any CPU = Release|Any CPU
	EndGlobalSection
	GlobalSection(ProjectConfigurationPlatforms) = postSolution
		{09DF33E9-F4A8-4440-9252-44899B495E61}.Debug|Any CPU.ActiveCfg = Debug|Any CPU
		{09DF33E9-F4A8-4440-9252-44899B495E61}.Debug|Any CPU.Build.0 = Debug|Any CPU
		{09DF33E9-F4A8-4440-9252-44899B495E61}.Release|Any CPU.ActiveCfg = Release|Any CPU
		{09DF33E9-F4A8-4440-9252-44899B495E61}.Release|Any CPU.Build.0 = Release|Any CPU
	EndGlobalSection
	GlobalSection(SolutionProperties) = preSolution
		HideSolutionNode = FALSE
	EndGlobalSection
	GlobalSection(ExtensibilityGlobals) = postSolution
		SolutionGuid = {1F9B0EA8-6294-4FE7-A4BB-3F46E6429CCD}
	EndGlobalSection
EndGlobal
